
Microsoft Visual Studio Solution File, Format Version 12.00
# Visual Studio Version 16
VisualStudioVersion = 16.0.31613.86
MinimumVisualStudioVersion = 10.0.40219.1
Project("{FAE04EC0-301F-11D3-BF4B-00C04F79EFBC}") = "git_jenkins_example", "git_jenkins_example\git_jenkins_example.csproj", "{99BCAD11-DE2A-403A-A391-53B307DD636E}"
EndProject
Global
	GlobalSection(SolutionConfigurationPlatforms) = preSolution
		Debug|Any CPU = Debug|Any CPU
		Release|Any CPU = Release|Any CPU
	EndGlobalSection
	GlobalSection(ProjectConfigurationPlatforms) = postSolution
		{99BCAD11-DE2A-403A-A391-53B307DD636E}.Debug|Any CPU.ActiveCfg = Debug|Any CPU
		{99BCAD11-DE2A-403A-A391-53B307DD636E}.Debug|Any CPU.Build.0 = Debug|Any CPU
		{99BCAD11-DE2A-403A-A391-53B307DD636E}.Release|Any CPU.ActiveCfg = Release|Any CPU
		{99BCAD11-DE2A-403A-A391-53B307DD636E}.Release|Any CPU.Build.0 = Release|Any CPU
	EndGlobalSection
	GlobalSection(SolutionProperties) = preSolution
		HideSolutionNode = FALSE
	EndGlobalSection
	GlobalSection(ExtensibilityGlobals) = postSolution
		SolutionGuid = {24921752-0DA9-4A35-A3C4-65300A4B618B}
	EndGlobalSection
EndGlobal
